<?xml version="1.0" encoding="utf-8"?>
<Project ToolsVersion="4.0" xmlns="http://schemas.microsoft.com/developer/msbuild/2003">
  <ItemGroup>
    <Filter Include="Source Files">
      <UniqueIdentifier>{4FC737F1-C7A5-4376-A066-2A32D752A2FF}</UniqueIdentifier>
      <Extensions>cpp;c;cc;cxx;def;odl;idl;hpj;bat;asm;asmx</Extensions>
    </Filter>
    <Filter Include="Header Files">
      <UniqueIdentifier>{93995380-89BD-4b04-88EB-625FBE52EBFB}</UniqueIdentifier>
      <Extensions>h;hh;hpp;hxx;hm;inl;inc;xsd</Extensions>
    </Filter>
    <Filter Include="Resource Files">
      <UniqueIdentifier>{67DA6AB6-F800-4c08-8B7A-83BB121AAD01}</UniqueIdentifier>
      <Extensions>rc;ico;cur;bmp;dlg;rc2;rct;bin;rgs;gif;jpg;jpeg;jpe;resx;tiff;tif;png;wav;mfcribbon-ms</Extensions>
    </Filter>
  </ItemGroup>
  <ItemGroup>
    <ClCompile Include="test_cpu.cpp">
      <Filter>Source Files</Filter>
    </ClCompile>
    <ClCompile Include="test_main.cpp">
      <Filter>Source Files</Filter>
    </ClCompile>
    <ClCompile Include="..\vins\Vins.cpp">
      <Filter>Source Files</Filter>
    </ClCompile>
    <ClCompile Include="..\Cpu.cpp">
      <Filter>Source Files</Filter>
    </ClCompile>
    <ClCompile Include="..\vins\Vins_rr_add.cpp">
      <Filter>Source Files</Filter>
    </ClCompile>
    <ClCompile Include="test_rr_add.cpp">
      <Filter>Source Files</Filter>
    </ClCompile>
    <ClCompile Include="..\vins\vins_rl_add.cpp">
      <Filter>Source Files</Filter>
    </ClCompile>
    <ClCompile Include="test_rl_add.cpp">
      <Filter>Source Files</Filter>
    </ClCompile>
    <ClCompile Include="..\vins\vins_rr_cmp.cpp">
      <Filter>Source Files</Filter>
    </ClCompile>
    <ClCompile Include="test_rr_cmp.cpp">
      <Filter>Source Files</Filter>
    </ClCompile>
    <ClCompile Include="..\vins\Vins_rl_load.cpp">
      <Filter>Source Files</Filter>
    </ClCompile>
    <ClCompile Include="test_rl_load.cpp">
      <Filter>Source Files</Filter>
    </ClCompile>
    <ClCompile Include="..\vins\Vins_rp_load.cpp">
      <Filter>Source Files</Filter>
    </ClCompile>
    <ClCompile Include="test_rp_load.cpp">
      <Filter>Source Files</Filter>
    </ClCompile>
    <ClCompile Include="..\vins\vins_r_jmpz.cpp">
      <Filter>Source Files</Filter>
    </ClCompile>
    <ClCompile Include="test_r_jmpz.cpp">
      <Filter>Source Files</Filter>
    </ClCompile>
    <ClCompile Include="..\vins\vins_r_jmpn.cpp">
      <Filter>Source Files</Filter>
    </ClCompile>
    <ClCompile Include="test_r_jmpn.cpp">
      <Filter>Source Files</Filter>
    </ClCompile>
    <ClCompile Include="..\vins\vins_rr_mul.cpp">
      <Filter>Source Files</Filter>
    </ClCompile>
    <ClCompile Include="..\vins\vins_rr_div.cpp">
      <Filter>Source Files</Filter>
    </ClCompile>
    <ClCompile Include="test_rr_div.cpp">
      <Filter>Source Files</Filter>
    </ClCompile>
    <ClCompile Include="test_vins.cpp">
      <Filter>Source Files</Filter>
    </ClCompile>
    <ClCompile Include="..\vins\Vins_rr_sub.cpp">
      <Filter>Source Files</Filter>
    </ClCompile>
    <ClCompile Include="test_rr_sub.cpp">
      <Filter>Source Files</Filter>
    </ClCompile>
    <ClCompile Include="test_assembly.cpp">
      <Filter>Source Files</Filter>
    </ClCompile>
    <ClCompile Include="..\vins\vins_rr_store.cpp">
      <Filter>Source Files</Filter>
    </ClCompile>
    <ClCompile Include="test_rr_store.cpp">
      <Filter>Source Files</Filter>
    </ClCompile>
    <ClCompile Include="test_jobb.cpp">
      <Filter>Source Files</Filter>
    </ClCompile>
    <ClCompile Include="..\assembly.cpp">
      <Filter>Source Files</Filter>
    </ClCompile>
    <ClCompile Include="..\vins\vins_r_jmpp.cpp">
      <Filter>Source Files</Filter>
    </ClCompile>
    <ClCompile Include="..\vins\vins_rr_load.cpp">
      <Filter>Source Files</Filter>
    </ClCompile>
    <ClCompile Include="test_rr_load.cpp">
      <Filter>Source Files</Filter>
    </ClCompile>
    <ClCompile Include="..\vins\vins_rr_band.cpp">
      <Filter>Source Files</Filter>
    </ClCompile>
    <ClCompile Include="test_rr_band.cpp">
      <Filter>Source Files</Filter>
    </ClCompile>
  </ItemGroup>
  <ItemGroup>
    <ClInclude Include="catch.hpp">
      <Filter>Header Files</Filter>
    </ClInclude>
    <ClInclude Include="..\vins\Vins.h">
      <Filter>Header Files</Filter>
    </ClInclude>
    <ClInclude Include="..\Cpu.h">
      <Filter>Header Files</Filter>
    </ClInclude>
    <ClInclude Include="..\vins\Vins_rr_add.h">
      <Filter>Header Files</Filter>
    </ClInclude>
    <ClInclude Include="..\vins\vins_rl_add.h">
      <Filter>Header Files</Filter>
    </ClInclude>
    <ClInclude Include="..\vins\vins_rr_cmp.h">
      <Filter>Header Files</Filter>
    </ClInclude>
    <ClInclude Include="..\vins\Vins_rl_load.h">
      <Filter>Header Files</Filter>
    </ClInclude>
    <ClInclude Include="..\vins\Vins_rp_load.h">
      <Filter>Header Files</Filter>
    </ClInclude>
    <ClInclude Include="..\vins\vins_r_jmpz.h">
      <Filter>Header Files</Filter>
    </ClInclude>
    <ClInclude Include="..\vins\vins_all.h">
      <Filter>Header Files</Filter>
    </ClInclude>
    <ClInclude Include="..\vins\vins_r_jmpn.h">
      <Filter>Header Files</Filter>
    </ClInclude>
    <ClInclude Include="..\vins\vins_rr_mul.h">
      <Filter>Header Files</Filter>
    </ClInclude>
    <ClInclude Include="test_rr_mul.cpp">
      <Filter>Source Files</Filter>
    </ClInclude>
    <ClInclude Include="..\vins\Vins_rr_sub.h">
      <Filter>Header Files</Filter>
    </ClInclude>
    <ClInclude Include="..\vins\vins_rr_store.h">
      <Filter>Header Files</Filter>
    </ClInclude>
    <ClInclude Include="..\assembly.h">
      <Filter>Header Files</Filter>
    </ClInclude>
    <ClInclude Include="..\vins\vins_rr_div.h">
      <Filter>Header Files</Filter>
    </ClInclude>
    <ClInclude Include="..\vins\vins_r_jmpp.h">
      <Filter>Header Files</Filter>
    </ClInclude>
    <ClInclude Include="..\vins\vins_rr_load.h">
      <Filter>Header Files</Filter>
    </ClInclude>
    <ClInclude Include="..\vins\vins_rr_band.h">
      <Filter>Source Files</Filter>
    </ClInclude>
  </ItemGroup>
</Project>